
Microsoft Visual Studio Solution File, Format Version 12.00
# Visual Studio Version 17
VisualStudioVersion = 17.12.35506.116
MinimumVisualStudioVersion = 10.0.40219.1
Project("{FAE04EC0-301F-11D3-BF4B-00C04F79EFBC}") = "WineCorp.Service", "WineCorp.Service\WineCorp.Service.csproj", "{BE356A92-9E7D-4FC0-A63B-EC32906AE5AE}"
EndProject
Project("{2150E333-8FDC-42A3-9474-1A3956D46DE8}") = "src", "src", "{600B82CB-D67E-491E-B490-7C800F8019A4}"
EndProject
Project("{2150E333-8FDC-42A3-9474-1A3956D46DE8}") = "2. Webapi", "2. Webapi", "{32E039BE-6714-48D7-B486-00C1552C68B2}"
EndProject
Project("{2150E333-8FDC-42A3-9474-1A3956D46DE8}") = "3. Application", "3. Application", "{BACC4378-925A-49BD-B650-5ADA4F2A1088}"
EndProject
Project("{FAE04EC0-301F-11D3-BF4B-00C04F79EFBC}") = "WineCorp.App", "WineCorp.App\WineCorp.App.csproj", "{6811A4B5-F009-4A94-B2C0-E551672C75D4}"
EndProject
Project("{2150E333-8FDC-42A3-9474-1A3956D46DE8}") = "1. Host", "1. Host", "{C627FE11-7147-4591-972B-586246807000}"
EndProject
Project("{FAE04EC0-301F-11D3-BF4B-00C04F79EFBC}") = "WineCorp.Api", "WineCorp.Api\WineCorp.Api.csproj", "{524825E9-4AD6-454C-9290-E63C9070B946}"
EndProject
Project("{2150E333-8FDC-42A3-9474-1A3956D46DE8}") = "4. Dom", "4. Dom", "{3A3D2521-589D-4A5F-855B-22CF4BAF8090}"
EndProject
Project("{FAE04EC0-301F-11D3-BF4B-00C04F79EFBC}") = "WineCorp.Dom", "WineCorp.Dom\WineCorp.Dom.csproj", "{585A8D82-1057-44FD-9974-C75796DCD3D5}"
EndProject
Project("{2150E333-8FDC-42A3-9474-1A3956D46DE8}") = "5. Infra", "5. Infra", "{3C034665-6638-45B0-9989-A210F4982713}"
EndProject
Project("{FAE04EC0-301F-11D3-BF4B-00C04F79EFBC}") = "WineCorp.Infrastructure", "WineCorp.Infrastructure\WineCorp.Infrastructure.csproj", "{21786D42-62FF-47BB-B0AE-632E4E69B838}"
EndProject
Project("{FAE04EC0-301F-11D3-BF4B-00C04F79EFBC}") = "WineCorp.Dto", "WineCorp.Dto\WineCorp.Dto.csproj", "{7F77A918-3B66-42E2-B068-842356EFB2E6}"
EndProject
Project("{FAE04EC0-301F-11D3-BF4B-00C04F79EFBC}") = "WineCorp.Migrations", "WineCorp.Migrations\WineCorp.Migrations.csproj", "{280DE7A4-47F9-44FD-BD97-26328C76961D}"
EndProject
Project("{2150E333-8FDC-42A3-9474-1A3956D46DE8}") = "6. Tests", "6. Tests", "{1001C621-D1D2-45FE-A620-A3A7A6DD2BAD}"
EndProject
Project("{FAE04EC0-301F-11D3-BF4B-00C04F79EFBC}") = "WineCorp.Test", "WineCorp.Test\WineCorp.Test.csproj", "{FFB1629E-132C-460F-9F39-A0EE67619358}"
EndProject
Global
	GlobalSection(SolutionConfigurationPlatforms) = preSolution
		Debug|Any CPU = Debug|Any CPU
		Release|Any CPU = Release|Any CPU
	EndGlobalSection
	GlobalSection(ProjectConfigurationPlatforms) = postSolution
		{BE356A92-9E7D-4FC0-A63B-EC32906AE5AE}.Debug|Any CPU.ActiveCfg = Debug|Any CPU
		{BE356A92-9E7D-4FC0-A63B-EC32906AE5AE}.Debug|Any CPU.Build.0 = Debug|Any CPU
		{BE356A92-9E7D-4FC0-A63B-EC32906AE5AE}.Release|Any CPU.ActiveCfg = Release|Any CPU
		{BE356A92-9E7D-4FC0-A63B-EC32906AE5AE}.Release|Any CPU.Build.0 = Release|Any CPU
		{6811A4B5-F009-4A94-B2C0-E551672C75D4}.Debug|Any CPU.ActiveCfg = Debug|Any CPU
		{6811A4B5-F009-4A94-B2C0-E551672C75D4}.Debug|Any CPU.Build.0 = Debug|Any CPU
		{6811A4B5-F009-4A94-B2C0-E551672C75D4}.Release|Any CPU.ActiveCfg = Release|Any CPU
		{6811A4B5-F009-4A94-B2C0-E551672C75D4}.Release|Any CPU.Build.0 = Release|Any CPU
		{524825E9-4AD6-454C-9290-E63C9070B946}.Debug|Any CPU.ActiveCfg = Debug|Any CPU
		{524825E9-4AD6-454C-9290-E63C9070B946}.Debug|Any CPU.Build.0 = Debug|Any CPU
		{524825E9-4AD6-454C-9290-E63C9070B946}.Release|Any CPU.ActiveCfg = Release|Any CPU
		{524825E9-4AD6-454C-9290-E63C9070B946}.Release|Any CPU.Build.0 = Release|Any CPU
		{585A8D82-1057-44FD-9974-C75796DCD3D5}.Debug|Any CPU.ActiveCfg = Debug|Any CPU
		{585A8D82-1057-44FD-9974-C75796DCD3D5}.Debug|Any CPU.Build.0 = Debug|Any CPU
		{585A8D82-1057-44FD-9974-C75796DCD3D5}.Release|Any CPU.ActiveCfg = Release|Any CPU
		{585A8D82-1057-44FD-9974-C75796DCD3D5}.Release|Any CPU.Build.0 = Release|Any CPU
		{21786D42-62FF-47BB-B0AE-632E4E69B838}.Debug|Any CPU.ActiveCfg = Debug|Any CPU
		{21786D42-62FF-47BB-B0AE-632E4E69B838}.Debug|Any CPU.Build.0 = Debug|Any CPU
		{21786D42-62FF-47BB-B0AE-632E4E69B838}.Release|Any CPU.ActiveCfg = Release|Any CPU
		{21786D42-62FF-47BB-B0AE-632E4E69B838}.Release|Any CPU.Build.0 = Release|Any CPU
		{7F77A918-3B66-42E2-B068-842356EFB2E6}.Debug|Any CPU.ActiveCfg = Debug|Any CPU
		{7F77A918-3B66-42E2-B068-842356EFB2E6}.Debug|Any CPU.Build.0 = Debug|Any CPU
		{7F77A918-3B66-42E2-B068-842356EFB2E6}.Release|Any CPU.ActiveCfg = Release|Any CPU
		{7F77A918-3B66-42E2-B068-842356EFB2E6}.Release|Any CPU.Build.0 = Release|Any CPU
		{280DE7A4-47F9-44FD-BD97-26328C76961D}.Debug|Any CPU.ActiveCfg = Debug|Any CPU
		{280DE7A4-47F9-44FD-BD97-26328C76961D}.Debug|Any CPU.Build.0 = Debug|Any CPU
		{280DE7A4-47F9-44FD-BD97-26328C76961D}.Release|Any CPU.ActiveCfg = Release|Any CPU
		{280DE7A4-47F9-44FD-BD97-26328C76961D}.Release|Any CPU.Build.0 = Release|Any CPU
		{FFB1629E-132C-460F-9F39-A0EE67619358}.Debug|Any CPU.ActiveCfg = Debug|Any CPU
		{FFB1629E-132C-460F-9F39-A0EE67619358}.Debug|Any CPU.Build.0 = Debug|Any CPU
		{FFB1629E-132C-460F-9F39-A0EE67619358}.Release|Any CPU.ActiveCfg = Release|Any CPU
		{FFB1629E-132C-460F-9F39-A0EE67619358}.Release|Any CPU.Build.0 = Release|Any CPU
	EndGlobalSection
	GlobalSection(SolutionProperties) = preSolution
		HideSolutionNode = FALSE
	EndGlobalSection
	GlobalSection(NestedProjects) = preSolution
		{BE356A92-9E7D-4FC0-A63B-EC32906AE5AE} = {C627FE11-7147-4591-972B-586246807000}
		{32E039BE-6714-48D7-B486-00C1552C68B2} = {600B82CB-D67E-491E-B490-7C800F8019A4}
		{BACC4378-925A-49BD-B650-5ADA4F2A1088} = {600B82CB-D67E-491E-B490-7C800F8019A4}
		{6811A4B5-F009-4A94-B2C0-E551672C75D4} = {BACC4378-925A-49BD-B650-5ADA4F2A1088}
		{C627FE11-7147-4591-972B-586246807000} = {600B82CB-D67E-491E-B490-7C800F8019A4}
		{524825E9-4AD6-454C-9290-E63C9070B946} = {32E039BE-6714-48D7-B486-00C1552C68B2}
		{3A3D2521-589D-4A5F-855B-22CF4BAF8090} = {600B82CB-D67E-491E-B490-7C800F8019A4}
		{585A8D82-1057-44FD-9974-C75796DCD3D5} = {3A3D2521-589D-4A5F-855B-22CF4BAF8090}
		{3C034665-6638-45B0-9989-A210F4982713} = {600B82CB-D67E-491E-B490-7C800F8019A4}
		{21786D42-62FF-47BB-B0AE-632E4E69B838} = {3C034665-6638-45B0-9989-A210F4982713}
		{7F77A918-3B66-42E2-B068-842356EFB2E6} = {BACC4378-925A-49BD-B650-5ADA4F2A1088}
		{280DE7A4-47F9-44FD-BD97-26328C76961D} = {3C034665-6638-45B0-9989-A210F4982713}
		{1001C621-D1D2-45FE-A620-A3A7A6DD2BAD} = {600B82CB-D67E-491E-B490-7C800F8019A4}
		{FFB1629E-132C-460F-9F39-A0EE67619358} = {1001C621-D1D2-45FE-A620-A3A7A6DD2BAD}
	EndGlobalSection
EndGlobal
